
Microsoft Visual Studio Solution File, Format Version 12.00
Project("{FAE04EC0-301F-11D3-BF4B-00C04F79EFBC}") = "Motion2Gif", "Motion2Gif\Motion2Gif.csproj", "{BDA596CE-C8B5-42FE-B24D-EE02AD392C06}"
EndProject
Project("{FAE04EC0-301F-11D3-BF4B-00C04F79EFBC}") = "Motion2Gif.Tests", "Motion2Gif.Tests\Motion2Gif.Tests.csproj", "{0F2226C4-C01B-4160-B321-53A7C236FCFC}"
EndProject
Global
	GlobalSection(SolutionConfigurationPlatforms) = preSolution
		Debug|Any CPU = Debug|Any CPU
		Release|Any CPU = Release|Any CPU
	EndGlobalSection
	GlobalSection(ProjectConfigurationPlatforms) = postSolution
		{BDA596CE-C8B5-42FE-B24D-EE02AD392C06}.Debug|Any CPU.ActiveCfg = Debug|Any CPU
		{BDA596CE-C8B5-42FE-B24D-EE02AD392C06}.Debug|Any CPU.Build.0 = Debug|Any CPU
		{BDA596CE-C8B5-42FE-B24D-EE02AD392C06}.Release|Any CPU.ActiveCfg = Release|Any CPU
		{BDA596CE-C8B5-42FE-B24D-EE02AD392C06}.Release|Any CPU.Build.0 = Release|Any CPU
		{0F2226C4-C01B-4160-B321-53A7C236FCFC}.Debug|Any CPU.ActiveCfg = Debug|Any CPU
		{0F2226C4-C01B-4160-B321-53A7C236FCFC}.Debug|Any CPU.Build.0 = Debug|Any CPU
		{0F2226C4-C01B-4160-B321-53A7C236FCFC}.Release|Any CPU.ActiveCfg = Release|Any CPU
		{0F2226C4-C01B-4160-B321-53A7C236FCFC}.Release|Any CPU.Build.0 = Release|Any CPU
	EndGlobalSection
EndGlobal
